
Microsoft Visual Studio Solution File, Format Version 12.00
# Visual Studio Version 17
VisualStudioVersion = 17.11.35327.3
MinimumVisualStudioVersion = 10.0.40219.1
Project("{9A19103F-16F7-4668-BE54-9A1E7A4F7556}") = "ElettromeccanicaVeneta_20_01_2025", "ElettromeccanicaVeneta_20_01_2025.csproj", "{264897A9-F572-2548-4471-15E806DB0D5B}"
EndProject
Global
	GlobalSection(SolutionConfigurationPlatforms) = preSolution
		Debug|Any CPU = Debug|Any CPU
		Release|Any CPU = Release|Any CPU
	EndGlobalSection
	GlobalSection(ProjectConfigurationPlatforms) = postSolution
		{264897A9-F572-2548-4471-15E806DB0D5B}.Debug|Any CPU.ActiveCfg = Debug|Any CPU
		{264897A9-F572-2548-4471-15E806DB0D5B}.Debug|Any CPU.Build.0 = Debug|Any CPU
		{264897A9-F572-2548-4471-15E806DB0D5B}.Release|Any CPU.ActiveCfg = Release|Any CPU
		{264897A9-F572-2548-4471-15E806DB0D5B}.Release|Any CPU.Build.0 = Release|Any CPU
	EndGlobalSection
	GlobalSection(SolutionProperties) = preSolution
		HideSolutionNode = FALSE
	EndGlobalSection
EndGlobal
